
Microsoft Visual Studio Solution File, Format Version 12.00
# Visual Studio Version 17
VisualStudioVersion = 17.11.35327.3
MinimumVisualStudioVersion = 10.0.40219.1
Project("{FAE04EC0-301F-11D3-BF4B-00C04F79EFBC}") = "опараша", "опараша\опараша.csproj", "{A658E1D6-79DD-44D0-A54E-358C22311219}"
EndProject
Global
	GlobalSection(SolutionConfigurationPlatforms) = preSolution
		Debug|Any CPU = Debug|Any CPU
		Release|Any CPU = Release|Any CPU
	EndGlobalSection
	GlobalSection(ProjectConfigurationPlatforms) = postSolution
		{A658E1D6-79DD-44D0-A54E-358C22311219}.Debug|Any CPU.ActiveCfg = Debug|Any CPU
		{A658E1D6-79DD-44D0-A54E-358C22311219}.Debug|Any CPU.Build.0 = Debug|Any CPU
		{A658E1D6-79DD-44D0-A54E-358C22311219}.Release|Any CPU.ActiveCfg = Release|Any CPU
		{A658E1D6-79DD-44D0-A54E-358C22311219}.Release|Any CPU.Build.0 = Release|Any CPU
	EndGlobalSection
	GlobalSection(SolutionProperties) = preSolution
		HideSolutionNode = FALSE
	EndGlobalSection
	GlobalSection(ExtensibilityGlobals) = postSolution
		SolutionGuid = {472E62D4-63BB-41AF-9E1A-5F7B5BC3CCCD}
	EndGlobalSection
EndGlobal
